
Microsoft Visual Studio Solution File, Format Version 12.00
# Visual Studio Version 17
VisualStudioVersion = 17.6.33829.357
MinimumVisualStudioVersion = 10.0.40219.1
Project("{FAE04EC0-301F-11D3-BF4B-00C04F79EFBC}") = "HoneyRaesAPI", "HoneyRaesAPI.csproj", "{C467C61A-6D71-411D-9A21-E0F90512C974}"
EndProject
Global
	GlobalSection(SolutionConfigurationPlatforms) = preSolution
		Debug|Any CPU = Debug|Any CPU
		Release|Any CPU = Release|Any CPU
	EndGlobalSection
	GlobalSection(ProjectConfigurationPlatforms) = postSolution
		{C467C61A-6D71-411D-9A21-E0F90512C974}.Debug|Any CPU.ActiveCfg = Debug|Any CPU
		{C467C61A-6D71-411D-9A21-E0F90512C974}.Debug|Any CPU.Build.0 = Debug|Any CPU
		{C467C61A-6D71-411D-9A21-E0F90512C974}.Release|Any CPU.ActiveCfg = Release|Any CPU
		{C467C61A-6D71-411D-9A21-E0F90512C974}.Release|Any CPU.Build.0 = Release|Any CPU
	EndGlobalSection
	GlobalSection(SolutionProperties) = preSolution
		HideSolutionNode = FALSE
	EndGlobalSection
	GlobalSection(ExtensibilityGlobals) = postSolution
		SolutionGuid = {35F16907-F9AE-454A-AFB4-D10842DB0691}
	EndGlobalSection
EndGlobal
